
Microsoft Visual Studio Solution File, Format Version 12.00
# Visual Studio Version 17
VisualStudioVersion = 17.0.31903.59
MinimumVisualStudioVersion = 10.0.40219.1
Project("{2150E333-8FDC-42A3-9474-1A3956D46DE8}") = "src", "src", "{5B34BF4C-6635-4070-8744-BE960C73E111}"
EndProject
Project("{2150E333-8FDC-42A3-9474-1A3956D46DE8}") = "test", "test", "{1195B1AD-E823-47FC-9DF6-5D3121725BC6}"
EndProject
Project("{FAE04EC0-301F-11D3-BF4B-00C04F79EFBC}") = "Microservices.Cms.WebApp", "src\Microservices.Cms.WebApp\Microservices.Cms.WebApp.csproj", "{1CB415C9-3447-4A9A-9522-FC7785D63F21}"
EndProject
Project("{2150E333-8FDC-42A3-9474-1A3956D46DE8}") = "deployment", "deployment", "{2C6A7F11-AE2A-4B6C-BE7E-C70C314B448D}"
EndProject
Project("{FAE04EC0-301F-11D3-BF4B-00C04F79EFBC}") = "DTech.Cms", "src\DTech.Cms\DTech.Cms.csproj", "{87E65D26-DD6B-4D6D-B742-FDD5BF290125}"
EndProject
Global
	GlobalSection(SolutionConfigurationPlatforms) = preSolution
		Debug|Any CPU = Debug|Any CPU
		Release|Any CPU = Release|Any CPU
	EndGlobalSection
	GlobalSection(SolutionProperties) = preSolution
		HideSolutionNode = FALSE
	EndGlobalSection
	GlobalSection(NestedProjects) = preSolution
		{1CB415C9-3447-4A9A-9522-FC7785D63F21} = {5B34BF4C-6635-4070-8744-BE960C73E111}
		{87E65D26-DD6B-4D6D-B742-FDD5BF290125} = {5B34BF4C-6635-4070-8744-BE960C73E111}
	EndGlobalSection
	GlobalSection(ProjectConfigurationPlatforms) = postSolution
		{1CB415C9-3447-4A9A-9522-FC7785D63F21}.Debug|Any CPU.ActiveCfg = Debug|Any CPU
		{1CB415C9-3447-4A9A-9522-FC7785D63F21}.Debug|Any CPU.Build.0 = Debug|Any CPU
		{1CB415C9-3447-4A9A-9522-FC7785D63F21}.Release|Any CPU.ActiveCfg = Release|Any CPU
		{1CB415C9-3447-4A9A-9522-FC7785D63F21}.Release|Any CPU.Build.0 = Release|Any CPU
		{87E65D26-DD6B-4D6D-B742-FDD5BF290125}.Debug|Any CPU.ActiveCfg = Debug|Any CPU
		{87E65D26-DD6B-4D6D-B742-FDD5BF290125}.Debug|Any CPU.Build.0 = Debug|Any CPU
		{87E65D26-DD6B-4D6D-B742-FDD5BF290125}.Release|Any CPU.ActiveCfg = Release|Any CPU
		{87E65D26-DD6B-4D6D-B742-FDD5BF290125}.Release|Any CPU.Build.0 = Release|Any CPU
	EndGlobalSection
EndGlobal
